{
  "name": "LogGuardian",
  "lockfileVersion": 3,
  "requires": true,
  "packages": {
    "": {
      "dependencies": {
        "@fontsource/source-code-pro": "^5.2.7"
      }
    },
    "node_modules/@fontsource/source-code-pro": {
      "version": "5.2.7",
      "resolved": "https://registry.npmjs.org/@fontsource/source-code-pro/-/source-code-pro-5.2.7.tgz",
      "integrity": "sha512-7papq9TH94KT+S5VSY8cU7tFmwuGkIe3qxXRMscuAXH6AjMU+KJI75f28FzgBVDrlMfA0jjlTV4/x5+H5o/5EQ==",
      "license": "OFL-1.1",
      "funding": {
        "url": "https://github.com/sponsors/ayuhito"
      }
    }
  }
}
